
Microsoft Visual Studio Solution File, Format Version 12.00
# Visual Studio 15
VisualStudioVersion = 15.0.26730.16
MinimumVisualStudioVersion = 10.0.40219.1
Project("{FAE04EC0-301F-11D3-BF4B-00C04F79EFBC}") = "tailDotNet.Core", "tailDotNet.Core\tailDotNet.Core.csproj", "{8F2833C5-D024-40A5-BFFF-F939B9637078}"
EndProject
Project("{FAE04EC0-301F-11D3-BF4B-00C04F79EFBC}") = "tailDotNet.Test", "tailDotNet.Test\tailDotNet.Test.csproj", "{2BA2453E-4939-4D3E-9347-185246FC851A}"
EndProject
Project("{FAE04EC0-301F-11D3-BF4B-00C04F79EFBC}") = "tailDotNet.Console", "tailDotNet.Console\tailDotNet.Console.csproj", "{E91E6380-8E9E-4869-B80C-EB93015B2ED4}"
EndProject
Global
	GlobalSection(SolutionConfigurationPlatforms) = preSolution
		Debug|Any CPU = Debug|Any CPU
		Debug|ARM = Debug|ARM
		Debug|x64 = Debug|x64
		Debug|x86 = Debug|x86
		Release|Any CPU = Release|Any CPU
		Release|ARM = Release|ARM
		Release|x64 = Release|x64
		Release|x86 = Release|x86
	EndGlobalSection
	GlobalSection(ProjectConfigurationPlatforms) = postSolution
		{8F2833C5-D024-40A5-BFFF-F939B9637078}.Debug|Any CPU.ActiveCfg = Debug|Any CPU
		{8F2833C5-D024-40A5-BFFF-F939B9637078}.Debug|Any CPU.Build.0 = Debug|Any CPU
		{8F2833C5-D024-40A5-BFFF-F939B9637078}.Debug|ARM.ActiveCfg = Debug|Any CPU
		{8F2833C5-D024-40A5-BFFF-F939B9637078}.Debug|ARM.Build.0 = Debug|Any CPU
		{8F2833C5-D024-40A5-BFFF-F939B9637078}.Debug|x64.ActiveCfg = Debug|Any CPU
		{8F2833C5-D024-40A5-BFFF-F939B9637078}.Debug|x64.Build.0 = Debug|Any CPU
		{8F2833C5-D024-40A5-BFFF-F939B9637078}.Debug|x86.ActiveCfg = Debug|Any CPU
		{8F2833C5-D024-40A5-BFFF-F939B9637078}.Debug|x86.Build.0 = Debug|Any CPU
		{8F2833C5-D024-40A5-BFFF-F939B9637078}.Release|Any CPU.ActiveCfg = Release|Any CPU
		{8F2833C5-D024-40A5-BFFF-F939B9637078}.Release|Any CPU.Build.0 = Release|Any CPU
		{8F2833C5-D024-40A5-BFFF-F939B9637078}.Release|ARM.ActiveCfg = Release|Any CPU
		{8F2833C5-D024-40A5-BFFF-F939B9637078}.Release|ARM.Build.0 = Release|Any CPU
		{8F2833C5-D024-40A5-BFFF-F939B9637078}.Release|x64.ActiveCfg = Release|Any CPU
		{8F2833C5-D024-40A5-BFFF-F939B9637078}.Release|x64.Build.0 = Release|Any CPU
		{8F2833C5-D024-40A5-BFFF-F939B9637078}.Release|x86.ActiveCfg = Release|Any CPU
		{8F2833C5-D024-40A5-BFFF-F939B9637078}.Release|x86.Build.0 = Release|Any CPU
		{2BA2453E-4939-4D3E-9347-185246FC851A}.Debug|Any CPU.ActiveCfg = Debug|Any CPU
		{2BA2453E-4939-4D3E-9347-185246FC851A}.Debug|Any CPU.Build.0 = Debug|Any CPU
		{2BA2453E-4939-4D3E-9347-185246FC851A}.Debug|ARM.ActiveCfg = Debug|Any CPU
		{2BA2453E-4939-4D3E-9347-185246FC851A}.Debug|ARM.Build.0 = Debug|Any CPU
		{2BA2453E-4939-4D3E-9347-185246FC851A}.Debug|x64.ActiveCfg = Debug|Any CPU
		{2BA2453E-4939-4D3E-9347-185246FC851A}.Debug|x64.Build.0 = Debug|Any CPU
		{2BA2453E-4939-4D3E-9347-185246FC851A}.Debug|x86.ActiveCfg = Debug|Any CPU
		{2BA2453E-4939-4D3E-9347-185246FC851A}.Debug|x86.Build.0 = Debug|Any CPU
		{2BA2453E-4939-4D3E-9347-185246FC851A}.Release|Any CPU.ActiveCfg = Release|Any CPU
		{2BA2453E-4939-4D3E-9347-185246FC851A}.Release|Any CPU.Build.0 = Release|Any CPU
		{2BA2453E-4939-4D3E-9347-185246FC851A}.Release|ARM.ActiveCfg = Release|Any CPU
		{2BA2453E-4939-4D3E-9347-185246FC851A}.Release|ARM.Build.0 = Release|Any CPU
		{2BA2453E-4939-4D3E-9347-185246FC851A}.Release|x64.ActiveCfg = Release|Any CPU
		{2BA2453E-4939-4D3E-9347-185246FC851A}.Release|x64.Build.0 = Release|Any CPU
		{2BA2453E-4939-4D3E-9347-185246FC851A}.Release|x86.ActiveCfg = Release|Any CPU
		{2BA2453E-4939-4D3E-9347-185246FC851A}.Release|x86.Build.0 = Release|Any CPU
		{E91E6380-8E9E-4869-B80C-EB93015B2ED4}.Debug|Any CPU.ActiveCfg = Debug|Any CPU
		{E91E6380-8E9E-4869-B80C-EB93015B2ED4}.Debug|Any CPU.Build.0 = Debug|Any CPU
		{E91E6380-8E9E-4869-B80C-EB93015B2ED4}.Debug|ARM.ActiveCfg = Debug|Any CPU
		{E91E6380-8E9E-4869-B80C-EB93015B2ED4}.Debug|ARM.Build.0 = Debug|Any CPU
		{E91E6380-8E9E-4869-B80C-EB93015B2ED4}.Debug|x64.ActiveCfg = Debug|Any CPU
		{E91E6380-8E9E-4869-B80C-EB93015B2ED4}.Debug|x64.Build.0 = Debug|Any CPU
		{E91E6380-8E9E-4869-B80C-EB93015B2ED4}.Debug|x86.ActiveCfg = Debug|Any CPU
		{E91E6380-8E9E-4869-B80C-EB93015B2ED4}.Debug|x86.Build.0 = Debug|Any CPU
		{E91E6380-8E9E-4869-B80C-EB93015B2ED4}.Release|Any CPU.ActiveCfg = Release|Any CPU
		{E91E6380-8E9E-4869-B80C-EB93015B2ED4}.Release|Any CPU.Build.0 = Release|Any CPU
		{E91E6380-8E9E-4869-B80C-EB93015B2ED4}.Release|ARM.ActiveCfg = Release|Any CPU
		{E91E6380-8E9E-4869-B80C-EB93015B2ED4}.Release|ARM.Build.0 = Release|Any CPU
		{E91E6380-8E9E-4869-B80C-EB93015B2ED4}.Release|x64.ActiveCfg = Release|Any CPU
		{E91E6380-8E9E-4869-B80C-EB93015B2ED4}.Release|x64.Build.0 = Release|Any CPU
		{E91E6380-8E9E-4869-B80C-EB93015B2ED4}.Release|x86.ActiveCfg = Release|Any CPU
		{E91E6380-8E9E-4869-B80C-EB93015B2ED4}.Release|x86.Build.0 = Release|Any CPU
	EndGlobalSection
	GlobalSection(SolutionProperties) = preSolution
		HideSolutionNode = FALSE
	EndGlobalSection
	GlobalSection(ExtensibilityGlobals) = postSolution
		SolutionGuid = {C1B1D10C-FCF1-4E44-85E1-6EA3454337AD}
	EndGlobalSection
EndGlobal
